{
  "name": "SndfxPlay",
  "lockfileVersion": 2,
  "requires": true,
  "packages": {
    "": {
      "dependencies": {
        "sox-play": "^0.0.2"
      }
    },
    "node_modules/sox-play": {
      "version": "0.0.2",
      "resolved": "https://registry.npmjs.org/sox-play/-/sox-play-0.0.2.tgz",
      "integrity": "sha1-D3U7SlcOqmXdsAcc4N22tWKJ2DQ=",
      "dependencies": {
        "split": "~0.3.2"
      }
    },
    "node_modules/split": {
      "version": "0.3.3",
      "resolved": "https://registry.npmjs.org/split/-/split-0.3.3.tgz",
      "integrity": "sha1-zQ7qXmOiEd//frDwkcQTPi0N0o8=",
      "dependencies": {
        "through": "2"
      },
      "engines": {
        "node": "*"
      }
    },
    "node_modules/through": {
      "version": "2.3.8",
      "resolved": "https://registry.npmjs.org/through/-/through-2.3.8.tgz",
      "integrity": "sha1-DdTJ/6q8NXlgsbckEV1+Doai4fU="
    }
  },
  "dependencies": {
    "sox-play": {
      "version": "0.0.2",
      "resolved": "https://registry.npmjs.org/sox-play/-/sox-play-0.0.2.tgz",
      "integrity": "sha1-D3U7SlcOqmXdsAcc4N22tWKJ2DQ=",
      "requires": {
        "split": "~0.3.2"
      }
    },
    "split": {
      "version": "0.3.3",
      "resolved": "https://registry.npmjs.org/split/-/split-0.3.3.tgz",
      "integrity": "sha1-zQ7qXmOiEd//frDwkcQTPi0N0o8=",
      "requires": {
        "through": "2"
      }
    },
    "through": {
      "version": "2.3.8",
      "resolved": "https://registry.npmjs.org/through/-/through-2.3.8.tgz",
      "integrity": "sha1-DdTJ/6q8NXlgsbckEV1+Doai4fU="
    }
  }
}
